<?xml version="1.0" encoding="utf-8"?>
<Project ToolsVersion="4.0" xmlns="http://schemas.microsoft.com/developer/msbuild/2003">
  <ItemGroup>
    <Filter Include="Source Files">
      <UniqueIdentifier>{4FC737F1-C7A5-4376-A066-2A32D752A2FF}</UniqueIdentifier>
      <Extensions>cpp;c;cc;cxx;c++;cppm;ixx;def;odl;idl;hpj;bat;asm;asmx</Extensions>
    </Filter>
    <Filter Include="Header Files">
      <UniqueIdentifier>{93995380-89BD-4b04-88EB-625FBE52EBFB}</UniqueIdentifier>
      <Extensions>h;hh;hpp;hxx;h++;hm;inl;inc;ipp;xsd</Extensions>
    </Filter>
    <Filter Include="Resource Files">
      <UniqueIdentifier>{67DA6AB6-F800-4c08-8B7A-83BB121AAD01}</UniqueIdentifier>
      <Extensions>rc;ico;cur;bmp;dlg;rc2;rct;bin;rgs;gif;jpg;jpeg;jpe;resx;tiff;tif;png;wav;mfcribbon-ms</Extensions>
    </Filter>
    <Filter Include="Vendor Files">
      <UniqueIdentifier>{61d8f52b-7087-4630-b19c-5d6c6a52b0f9}</UniqueIdentifier>
    </Filter>
    <Filter Include="Header Files\datatype">
      <UniqueIdentifier>{c59730ba-9bb1-4ff0-9031-3d8c8f9891b3}</UniqueIdentifier>
    </Filter>
    <Filter Include="Header Files\render">
      <UniqueIdentifier>{93ce1047-c0c9-4b71-94f1-8f8342f2dc17}</UniqueIdentifier>
    </Filter>
    <Filter Include="Source Files\datatype">
      <UniqueIdentifier>{5cd3f7c8-b689-4347-96a2-2cd59e9b1abd}</UniqueIdentifier>
    </Filter>
    <Filter Include="Source Files\render">
      <UniqueIdentifier>{4bbe530f-451b-4a71-9543-8153fbe03133}</UniqueIdentifier>
    </Filter>
    <Filter Include="Resource Files\shaders">
      <UniqueIdentifier>{d20e1386-543c-490c-84da-dac72a7c0031}</UniqueIdentifier>
    </Filter>
    <Filter Include="Header Files\gameobject">
      <UniqueIdentifier>{8af9d9b1-623e-47e3-a565-a56badc859fe}</UniqueIdentifier>
    </Filter>
    <Filter Include="Source Files\gameobject">
      <UniqueIdentifier>{a47787f3-c859-439b-a9be-8c14479fddd2}</UniqueIdentifier>
    </Filter>
    <Filter Include="Source Files\editor">
      <UniqueIdentifier>{62e9ba3d-bd8d-4acc-b7e2-e3670429be0f}</UniqueIdentifier>
    </Filter>
    <Filter Include="Header Files\editor">
      <UniqueIdentifier>{43bf3af7-6824-421f-9794-09410fe49101}</UniqueIdentifier>
    </Filter>
  </ItemGroup>
  <ItemGroup>
    <ClInclude Include="vendor\slicksocket\callback.h">
      <Filter>Vendor Files</Filter>
    </ClInclude>
    <ClInclude Include="vendor\slicksocket\http_client.h">
      <Filter>Vendor Files</Filter>
    </ClInclude>
    <ClInclude Include="vendor\slicksocket\socket_client.h">
      <Filter>Vendor Files</Filter>
    </ClInclude>
    <ClInclude Include="vendor\slicksocket\socket_server.h">
      <Filter>Vendor Files</Filter>
    </ClInclude>
    <ClInclude Include="vendor\slicksocket\websocket_client.h">
      <Filter>Vendor Files</Filter>
    </ClInclude>
    <ClInclude Include="vendor\vulkan\vk_enum_string_helper.h">
      <Filter>Vendor Files</Filter>
    </ClInclude>
    <ClInclude Include="vendor\vulkan\vk_icd.h">
      <Filter>Vendor Files</Filter>
    </ClInclude>
    <ClInclude Include="vendor\vulkan\vk_layer.h">
      <Filter>Vendor Files</Filter>
    </ClInclude>
    <ClInclude Include="vendor\vulkan\vk_platform.h">
      <Filter>Vendor Files</Filter>
    </ClInclude>
    <ClInclude Include="vendor\vulkan\vk_sdk_platform.h">
      <Filter>Vendor Files</Filter>
    </ClInclude>
    <ClInclude Include="vendor\vulkan\vulkan.h">
      <Filter>Vendor Files</Filter>
    </ClInclude>
    <ClInclude Include="vendor\vulkan\vulkan.hpp">
      <Filter>Vendor Files</Filter>
    </ClInclude>
    <ClInclude Include="vendor\vulkan\vulkan_android.h">
      <Filter>Vendor Files</Filter>
    </ClInclude>
    <ClInclude Include="vendor\vulkan\vulkan_beta.h">
      <Filter>Vendor Files</Filter>
    </ClInclude>
    <ClInclude Include="vendor\vulkan\vulkan_core.h">
      <Filter>Vendor Files</Filter>
    </ClInclude>
    <ClInclude Include="vendor\vulkan\vulkan_directfb.h">
      <Filter>Vendor Files</Filter>
    </ClInclude>
    <ClInclude Include="vendor\vulkan\vulkan_enums.hpp">
      <Filter>Vendor Files</Filter>
    </ClInclude>
    <ClInclude Include="vendor\vulkan\vulkan_format_traits.hpp">
      <Filter>Vendor Files</Filter>
    </ClInclude>
    <ClInclude Include="vendor\vulkan\vulkan_fuchsia.h">
      <Filter>Vendor Files</Filter>
    </ClInclude>
    <ClInclude Include="vendor\vulkan\vulkan_funcs.hpp">
      <Filter>Vendor Files</Filter>
    </ClInclude>
    <ClInclude Include="vendor\vulkan\vulkan_ggp.h">
      <Filter>Vendor Files</Filter>
    </ClInclude>
    <ClInclude Include="vendor\vulkan\vulkan_handles.hpp">
      <Filter>Vendor Files</Filter>
    </ClInclude>
    <ClInclude Include="vendor\vulkan\vulkan_hash.hpp">
      <Filter>Vendor Files</Filter>
    </ClInclude>
    <ClInclude Include="vendor\vulkan\vulkan_ios.h">
      <Filter>Vendor Files</Filter>
    </ClInclude>
    <ClInclude Include="vendor\vulkan\vulkan_macos.h">
      <Filter>Vendor Files</Filter>
    </ClInclude>
    <ClInclude Include="vendor\vulkan\vulkan_metal.h">
      <Filter>Vendor Files</Filter>
    </ClInclude>
    <ClInclude Include="vendor\vulkan\vulkan_profiles.h">
      <Filter>Vendor Files</Filter>
    </ClInclude>
    <ClInclude Include="vendor\vulkan\vulkan_profiles.hpp">
      <Filter>Vendor Files</Filter>
    </ClInclude>
    <ClInclude Include="vendor\vulkan\vulkan_raii.hpp">
      <Filter>Vendor Files</Filter>
    </ClInclude>
    <ClInclude Include="vendor\vulkan\vulkan_screen.h">
      <Filter>Vendor Files</Filter>
    </ClInclude>
    <ClInclude Include="vendor\vulkan\vulkan_structs.hpp">
      <Filter>Vendor Files</Filter>
    </ClInclude>
    <ClInclude Include="vendor\vulkan\vulkan_vi.h">
      <Filter>Vendor Files</Filter>
    </ClInclude>
    <ClInclude Include="vendor\vulkan\vulkan_wayland.h">
      <Filter>Vendor Files</Filter>
    </ClInclude>
    <ClInclude Include="vendor\vulkan\vulkan_win32.h">
      <Filter>Vendor Files</Filter>
    </ClInclude>
    <ClInclude Include="vendor\vulkan\vulkan_xcb.h">
      <Filter>Vendor Files</Filter>
    </ClInclude>
    <ClInclude Include="vendor\vulkan\vulkan_xlib.h">
      <Filter>Vendor Files</Filter>
    </ClInclude>
    <ClInclude Include="vendor\vulkan\vulkan_xlib_xrandr.h">
      <Filter>Vendor Files</Filter>
    </ClInclude>
    <ClInclude Include="vendor\nljson.h">
      <Filter>Vendor Files</Filter>
    </ClInclude>
    <ClInclude Include="vendor\stb_image.h">
      <Filter>Vendor Files</Filter>
    </ClInclude>
    <ClInclude Include="vendor\glad\gl.h">
      <Filter>Vendor Files</Filter>
    </ClInclude>
    <ClInclude Include="vendor\glm\common.hpp">
      <Filter>Vendor Files</Filter>
    </ClInclude>
    <ClInclude Include="vendor\glm\detail\func_common.hpp">
      <Filter>Vendor Files</Filter>
    </ClInclude>
    <ClInclude Include="vendor\glm\detail\func_exponential.hpp">
      <Filter>Vendor Files</Filter>
    </ClInclude>
    <ClInclude Include="vendor\glm\detail\func_geometric.hpp">
      <Filter>Vendor Files</Filter>
    </ClInclude>
    <ClInclude Include="vendor\glm\detail\func_integer.hpp">
      <Filter>Vendor Files</Filter>
    </ClInclude>
    <ClInclude Include="vendor\glm\detail\func_matrix.hpp">
      <Filter>Vendor Files</Filter>
    </ClInclude>
    <ClInclude Include="vendor\glm\detail\func_packing.hpp">
      <Filter>Vendor Files</Filter>
    </ClInclude>
    <ClInclude Include="vendor\glm\detail\func_trigonometric.hpp">
      <Filter>Vendor Files</Filter>
    </ClInclude>
    <ClInclude Include="vendor\glm\detail\func_vector_relational.hpp">
      <Filter>Vendor Files</Filter>
    </ClInclude>
    <ClInclude Include="vendor\glm\detail\intrinsic_common.hpp">
      <Filter>Vendor Files</Filter>
    </ClInclude>
    <ClInclude Include="vendor\glm\detail\intrinsic_exponential.hpp">
      <Filter>Vendor Files</Filter>
    </ClInclude>
    <ClInclude Include="vendor\glm\detail\intrinsic_geometric.hpp">
      <Filter>Vendor Files</Filter>
    </ClInclude>
    <ClInclude Include="vendor\glm\detail\intrinsic_integer.hpp">
      <Filter>Vendor Files</Filter>
    </ClInclude>
    <ClInclude Include="vendor\glm\detail\intrinsic_matrix.hpp">
      <Filter>Vendor Files</Filter>
    </ClInclude>
    <ClInclude Include="vendor\glm\detail\intrinsic_trigonometric.hpp">
      <Filter>Vendor Files</Filter>
    </ClInclude>
    <ClInclude Include="vendor\glm\detail\intrinsic_vector_relational.hpp">
      <Filter>Vendor Files</Filter>
    </ClInclude>
    <ClInclude Include="vendor\glm\detail\precision.hpp">
      <Filter>Vendor Files</Filter>
    </ClInclude>
    <ClInclude Include="vendor\glm\detail\setup.hpp">
      <Filter>Vendor Files</Filter>
    </ClInclude>
    <ClInclude Include="vendor\glm\detail\type_float.hpp">
      <Filter>Vendor Files</Filter>
    </ClInclude>
    <ClInclude Include="vendor\glm\detail\type_gentype.hpp">
      <Filter>Vendor Files</Filter>
    </ClInclude>
    <ClInclude Include="vendor\glm\detail\type_half.hpp">
      <Filter>Vendor Files</Filter>
    </ClInclude>
    <ClInclude Include="vendor\glm\detail\type_int.hpp">
      <Filter>Vendor Files</Filter>
    </ClInclude>
    <ClInclude Include="vendor\glm\detail\type_mat.hpp">
      <Filter>Vendor Files</Filter>
    </ClInclude>
    <ClInclude Include="vendor\glm\detail\type_mat2x2.hpp">
      <Filter>Vendor Files</Filter>
    </ClInclude>
    <ClInclude Include="vendor\glm\detail\type_mat2x3.hpp">
      <Filter>Vendor Files</Filter>
    </ClInclude>
    <ClInclude Include="vendor\glm\detail\type_mat2x4.hpp">
      <Filter>Vendor Files</Filter>
    </ClInclude>
    <ClInclude Include="vendor\glm\detail\type_mat3x2.hpp">
      <Filter>Vendor Files</Filter>
    </ClInclude>
    <ClInclude Include="vendor\glm\detail\type_mat3x3.hpp">
      <Filter>Vendor Files</Filter>
    </ClInclude>
    <ClInclude Include="vendor\glm\detail\type_mat3x4.hpp">
      <Filter>Vendor Files</Filter>
    </ClInclude>
    <ClInclude Include="vendor\glm\detail\type_mat4x2.hpp">
      <Filter>Vendor Files</Filter>
    </ClInclude>
    <ClInclude Include="vendor\glm\detail\type_mat4x3.hpp">
      <Filter>Vendor Files</Filter>
    </ClInclude>
    <ClInclude Include="vendor\glm\detail\type_mat4x4.hpp">
      <Filter>Vendor Files</Filter>
    </ClInclude>
    <ClInclude Include="vendor\glm\detail\type_vec.hpp">
      <Filter>Vendor Files</Filter>
    </ClInclude>
    <ClInclude Include="vendor\glm\detail\type_vec1.hpp">
      <Filter>Vendor Files</Filter>
    </ClInclude>
    <ClInclude Include="vendor\glm\detail\type_vec2.hpp">
      <Filter>Vendor Files</Filter>
    </ClInclude>
    <ClInclude Include="vendor\glm\detail\type_vec3.hpp">
      <Filter>Vendor Files</Filter>
    </ClInclude>
    <ClInclude Include="vendor\glm\detail\type_vec4.hpp">
      <Filter>Vendor Files</Filter>
    </ClInclude>
    <ClInclude Include="vendor\glm\detail\_features.hpp">
      <Filter>Vendor Files</Filter>
    </ClInclude>
    <ClInclude Include="vendor\glm\detail\_fixes.hpp">
      <Filter>Vendor Files</Filter>
    </ClInclude>
    <ClInclude Include="vendor\glm\detail\_noise.hpp">
      <Filter>Vendor Files</Filter>
    </ClInclude>
    <ClInclude Include="vendor\glm\detail\_swizzle.hpp">
      <Filter>Vendor Files</Filter>
    </ClInclude>
    <ClInclude Include="vendor\glm\detail\_swizzle_func.hpp">
      <Filter>Vendor Files</Filter>
    </ClInclude>
    <ClInclude Include="vendor\glm\detail\_vectorize.hpp">
      <Filter>Vendor Files</Filter>
    </ClInclude>
    <ClInclude Include="vendor\glm\exponential.hpp">
      <Filter>Vendor Files</Filter>
    </ClInclude>
    <ClInclude Include="vendor\glm\ext.hpp">
      <Filter>Vendor Files</Filter>
    </ClInclude>
    <ClInclude Include="vendor\glm\fwd.hpp">
      <Filter>Vendor Files</Filter>
    </ClInclude>
    <ClInclude Include="vendor\glm\geometric.hpp">
      <Filter>Vendor Files</Filter>
    </ClInclude>
    <ClInclude Include="vendor\glm\glm.hpp">
      <Filter>Vendor Files</Filter>
    </ClInclude>
    <ClInclude Include="vendor\glm\gtc\bitfield.hpp">
      <Filter>Vendor Files</Filter>
    </ClInclude>
    <ClInclude Include="vendor\glm\gtc\color_space.hpp">
      <Filter>Vendor Files</Filter>
    </ClInclude>
    <ClInclude Include="vendor\glm\gtc\constants.hpp">
      <Filter>Vendor Files</Filter>
    </ClInclude>
    <ClInclude Include="vendor\glm\gtc\epsilon.hpp">
      <Filter>Vendor Files</Filter>
    </ClInclude>
    <ClInclude Include="vendor\glm\gtc\integer.hpp">
      <Filter>Vendor Files</Filter>
    </ClInclude>
    <ClInclude Include="vendor\glm\gtc\matrix_access.hpp">
      <Filter>Vendor Files</Filter>
    </ClInclude>
    <ClInclude Include="vendor\glm\gtc\matrix_integer.hpp">
      <Filter>Vendor Files</Filter>
    </ClInclude>
    <ClInclude Include="vendor\glm\gtc\matrix_inverse.hpp">
      <Filter>Vendor Files</Filter>
    </ClInclude>
    <ClInclude Include="vendor\glm\gtc\matrix_transform.hpp">
      <Filter>Vendor Files</Filter>
    </ClInclude>
    <ClInclude Include="vendor\glm\gtc\noise.hpp">
      <Filter>Vendor Files</Filter>
    </ClInclude>
    <ClInclude Include="vendor\glm\gtc\packing.hpp">
      <Filter>Vendor Files</Filter>
    </ClInclude>
    <ClInclude Include="vendor\glm\gtc\quaternion.hpp">
      <Filter>Vendor Files</Filter>
    </ClInclude>
    <ClInclude Include="vendor\glm\gtc\random.hpp">
      <Filter>Vendor Files</Filter>
    </ClInclude>
    <ClInclude Include="vendor\glm\gtc\reciprocal.hpp">
      <Filter>Vendor Files</Filter>
    </ClInclude>
    <ClInclude Include="vendor\glm\gtc\round.hpp">
      <Filter>Vendor Files</Filter>
    </ClInclude>
    <ClInclude Include="vendor\glm\gtc\type_precision.hpp">
      <Filter>Vendor Files</Filter>
    </ClInclude>
    <ClInclude Include="vendor\glm\gtc\type_ptr.hpp">
      <Filter>Vendor Files</Filter>
    </ClInclude>
    <ClInclude Include="vendor\glm\gtc\ulp.hpp">
      <Filter>Vendor Files</Filter>
    </ClInclude>
    <ClInclude Include="vendor\glm\gtc\vec1.hpp">
      <Filter>Vendor Files</Filter>
    </ClInclude>
    <ClInclude Include="vendor\glm\gtx\associated_min_max.hpp">
      <Filter>Vendor Files</Filter>
    </ClInclude>
    <ClInclude Include="vendor\glm\gtx\bit.hpp">
      <Filter>Vendor Files</Filter>
    </ClInclude>
    <ClInclude Include="vendor\glm\gtx\closest_point.hpp">
      <Filter>Vendor Files</Filter>
    </ClInclude>
    <ClInclude Include="vendor\glm\gtx\color_space.hpp">
      <Filter>Vendor Files</Filter>
    </ClInclude>
    <ClInclude Include="vendor\glm\gtx\color_space_YCoCg.hpp">
      <Filter>Vendor Files</Filter>
    </ClInclude>
    <ClInclude Include="vendor\glm\gtx\common.hpp">
      <Filter>Vendor Files</Filter>
    </ClInclude>
    <ClInclude Include="vendor\glm\gtx\compatibility.hpp">
      <Filter>Vendor Files</Filter>
    </ClInclude>
    <ClInclude Include="vendor\glm\gtx\component_wise.hpp">
      <Filter>Vendor Files</Filter>
    </ClInclude>
    <ClInclude Include="vendor\glm\gtx\dual_quaternion.hpp">
      <Filter>Vendor Files</Filter>
    </ClInclude>
    <ClInclude Include="vendor\glm\gtx\euler_angles.hpp">
      <Filter>Vendor Files</Filter>
    </ClInclude>
    <ClInclude Include="vendor\glm\gtx\extend.hpp">
      <Filter>Vendor Files</Filter>
    </ClInclude>
    <ClInclude Include="vendor\glm\gtx\extented_min_max.hpp">
      <Filter>Vendor Files</Filter>
    </ClInclude>
    <ClInclude Include="vendor\glm\gtx\fast_exponential.hpp">
      <Filter>Vendor Files</Filter>
    </ClInclude>
    <ClInclude Include="vendor\glm\gtx\fast_square_root.hpp">
      <Filter>Vendor Files</Filter>
    </ClInclude>
    <ClInclude Include="vendor\glm\gtx\fast_trigonometry.hpp">
      <Filter>Vendor Files</Filter>
    </ClInclude>
    <ClInclude Include="vendor\glm\gtx\gradient_paint.hpp">
      <Filter>Vendor Files</Filter>
    </ClInclude>
    <ClInclude Include="vendor\glm\gtx\handed_coordinate_space.hpp">
      <Filter>Vendor Files</Filter>
    </ClInclude>
    <ClInclude Include="vendor\glm\gtx\hash.hpp">
      <Filter>Vendor Files</Filter>
    </ClInclude>
    <ClInclude Include="vendor\glm\gtx\integer.hpp">
      <Filter>Vendor Files</Filter>
    </ClInclude>
    <ClInclude Include="vendor\glm\gtx\intersect.hpp">
      <Filter>Vendor Files</Filter>
    </ClInclude>
    <ClInclude Include="vendor\glm\gtx\io.hpp">
      <Filter>Vendor Files</Filter>
    </ClInclude>
    <ClInclude Include="vendor\glm\gtx\log_base.hpp">
      <Filter>Vendor Files</Filter>
    </ClInclude>
    <ClInclude Include="vendor\glm\gtx\matrix_cross_product.hpp">
      <Filter>Vendor Files</Filter>
    </ClInclude>
    <ClInclude Include="vendor\glm\gtx\matrix_decompose.hpp">
      <Filter>Vendor Files</Filter>
    </ClInclude>
    <ClInclude Include="vendor\glm\gtx\matrix_interpolation.hpp">
      <Filter>Vendor Files</Filter>
    </ClInclude>
    <ClInclude Include="vendor\glm\gtx\matrix_major_storage.hpp">
      <Filter>Vendor Files</Filter>
    </ClInclude>
    <ClInclude Include="vendor\glm\gtx\matrix_operation.hpp">
      <Filter>Vendor Files</Filter>
    </ClInclude>
    <ClInclude Include="vendor\glm\gtx\matrix_query.hpp">
      <Filter>Vendor Files</Filter>
    </ClInclude>
    <ClInclude Include="vendor\glm\gtx\matrix_transform_2d.hpp">
      <Filter>Vendor Files</Filter>
    </ClInclude>
    <ClInclude Include="vendor\glm\gtx\mixed_product.hpp">
      <Filter>Vendor Files</Filter>
    </ClInclude>
    <ClInclude Include="vendor\glm\gtx\norm.hpp">
      <Filter>Vendor Files</Filter>
    </ClInclude>
    <ClInclude Include="vendor\glm\gtx\normal.hpp">
      <Filter>Vendor Files</Filter>
    </ClInclude>
    <ClInclude Include="vendor\glm\gtx\normalize_dot.hpp">
      <Filter>Vendor Files</Filter>
    </ClInclude>
    <ClInclude Include="vendor\glm\gtx\number_precision.hpp">
      <Filter>Vendor Files</Filter>
    </ClInclude>
    <ClInclude Include="vendor\glm\gtx\optimum_pow.hpp">
      <Filter>Vendor Files</Filter>
    </ClInclude>
    <ClInclude Include="vendor\glm\gtx\orthonormalize.hpp">
      <Filter>Vendor Files</Filter>
    </ClInclude>
    <ClInclude Include="vendor\glm\gtx\perpendicular.hpp">
      <Filter>Vendor Files</Filter>
    </ClInclude>
    <ClInclude Include="vendor\glm\gtx\polar_coordinates.hpp">
      <Filter>Vendor Files</Filter>
    </ClInclude>
    <ClInclude Include="vendor\glm\gtx\projection.hpp">
      <Filter>Vendor Files</Filter>
    </ClInclude>
    <ClInclude Include="vendor\glm\gtx\quaternion.hpp">
      <Filter>Vendor Files</Filter>
    </ClInclude>
    <ClInclude Include="vendor\glm\gtx\range.hpp">
      <Filter>Vendor Files</Filter>
    </ClInclude>
    <ClInclude Include="vendor\glm\gtx\raw_data.hpp">
      <Filter>Vendor Files</Filter>
    </ClInclude>
    <ClInclude Include="vendor\glm\gtx\rotate_normalized_axis.hpp">
      <Filter>Vendor Files</Filter>
    </ClInclude>
    <ClInclude Include="vendor\glm\gtx\rotate_vector.hpp">
      <Filter>Vendor Files</Filter>
    </ClInclude>
    <ClInclude Include="vendor\glm\gtx\scalar_multiplication.hpp">
      <Filter>Vendor Files</Filter>
    </ClInclude>
    <ClInclude Include="vendor\glm\gtx\scalar_relational.hpp">
      <Filter>Vendor Files</Filter>
    </ClInclude>
    <ClInclude Include="vendor\glm\gtx\simd_mat4.hpp">
      <Filter>Vendor Files</Filter>
    </ClInclude>
    <ClInclude Include="vendor\glm\gtx\simd_quat.hpp">
      <Filter>Vendor Files</Filter>
    </ClInclude>
    <ClInclude Include="vendor\glm\gtx\simd_vec4.hpp">
      <Filter>Vendor Files</Filter>
    </ClInclude>
    <ClInclude Include="vendor\glm\gtx\spline.hpp">
      <Filter>Vendor Files</Filter>
    </ClInclude>
    <ClInclude Include="vendor\glm\gtx\std_based_type.hpp">
      <Filter>Vendor Files</Filter>
    </ClInclude>
    <ClInclude Include="vendor\glm\gtx\string_cast.hpp">
      <Filter>Vendor Files</Filter>
    </ClInclude>
    <ClInclude Include="vendor\glm\gtx\transform.hpp">
      <Filter>Vendor Files</Filter>
    </ClInclude>
    <ClInclude Include="vendor\glm\gtx\transform2.hpp">
      <Filter>Vendor Files</Filter>
    </ClInclude>
    <ClInclude Include="vendor\glm\gtx\type_aligned.hpp">
      <Filter>Vendor Files</Filter>
    </ClInclude>
    <ClInclude Include="vendor\glm\gtx\vector_angle.hpp">
      <Filter>Vendor Files</Filter>
    </ClInclude>
    <ClInclude Include="vendor\glm\gtx\vector_query.hpp">
      <Filter>Vendor Files</Filter>
    </ClInclude>
    <ClInclude Include="vendor\glm\gtx\wrap.hpp">
      <Filter>Vendor Files</Filter>
    </ClInclude>
    <ClInclude Include="vendor\glm\integer.hpp">
      <Filter>Vendor Files</Filter>
    </ClInclude>
    <ClInclude Include="vendor\glm\mat2x2.hpp">
      <Filter>Vendor Files</Filter>
    </ClInclude>
    <ClInclude Include="vendor\glm\mat2x3.hpp">
      <Filter>Vendor Files</Filter>
    </ClInclude>
    <ClInclude Include="vendor\glm\mat2x4.hpp">
      <Filter>Vendor Files</Filter>
    </ClInclude>
    <ClInclude Include="vendor\glm\mat3x2.hpp">
      <Filter>Vendor Files</Filter>
    </ClInclude>
    <ClInclude Include="vendor\glm\mat3x3.hpp">
      <Filter>Vendor Files</Filter>
    </ClInclude>
    <ClInclude Include="vendor\glm\mat3x4.hpp">
      <Filter>Vendor Files</Filter>
    </ClInclude>
    <ClInclude Include="vendor\glm\mat4x2.hpp">
      <Filter>Vendor Files</Filter>
    </ClInclude>
    <ClInclude Include="vendor\glm\mat4x3.hpp">
      <Filter>Vendor Files</Filter>
    </ClInclude>
    <ClInclude Include="vendor\glm\mat4x4.hpp">
      <Filter>Vendor Files</Filter>
    </ClInclude>
    <ClInclude Include="vendor\glm\matrix.hpp">
      <Filter>Vendor Files</Filter>
    </ClInclude>
    <ClInclude Include="vendor\glm\packing.hpp">
      <Filter>Vendor Files</Filter>
    </ClInclude>
    <ClInclude Include="vendor\glm\simd\platform.h">
      <Filter>Vendor Files</Filter>
    </ClInclude>
    <ClInclude Include="vendor\glm\trigonometric.hpp">
      <Filter>Vendor Files</Filter>
    </ClInclude>
    <ClInclude Include="vendor\glm\vec2.hpp">
      <Filter>Vendor Files</Filter>
    </ClInclude>
    <ClInclude Include="vendor\glm\vec3.hpp">
      <Filter>Vendor Files</Filter>
    </ClInclude>
    <ClInclude Include="vendor\glm\vec4.hpp">
      <Filter>Vendor Files</Filter>
    </ClInclude>
    <ClInclude Include="vendor\glm\vector_relational.hpp">
      <Filter>Vendor Files</Filter>
    </ClInclude>
    <ClInclude Include="vendor\imgui\imconfig.h">
      <Filter>Vendor Files</Filter>
    </ClInclude>
    <ClInclude Include="vendor\imgui\imgui.h">
      <Filter>Vendor Files</Filter>
    </ClInclude>
    <ClInclude Include="vendor\imgui\imgui_impl_opengl3.h">
      <Filter>Vendor Files</Filter>
    </ClInclude>
    <ClInclude Include="vendor\imgui\imgui_impl_opengl3_loader.h">
      <Filter>Vendor Files</Filter>
    </ClInclude>
    <ClInclude Include="vendor\imgui\imgui_impl_sdl.h">
      <Filter>Vendor Files</Filter>
    </ClInclude>
    <ClInclude Include="vendor\imgui\imgui_internal.h">
      <Filter>Vendor Files</Filter>
    </ClInclude>
    <ClInclude Include="vendor\imgui\imstb_rectpack.h">
      <Filter>Vendor Files</Filter>
    </ClInclude>
    <ClInclude Include="vendor\imgui\imstb_textedit.h">
      <Filter>Vendor Files</Filter>
    </ClInclude>
    <ClInclude Include="vendor\imgui\imstb_truetype.h">
      <Filter>Vendor Files</Filter>
    </ClInclude>
    <ClInclude Include="vendor\KHR\khrplatform.h">
      <Filter>Vendor Files</Filter>
    </ClInclude>
    <ClInclude Include="vendor\SDL2\begin_code.h">
      <Filter>Vendor Files</Filter>
    </ClInclude>
    <ClInclude Include="vendor\SDL2\close_code.h">
      <Filter>Vendor Files</Filter>
    </ClInclude>
    <ClInclude Include="vendor\SDL2\SDL.h">
      <Filter>Vendor Files</Filter>
    </ClInclude>
    <ClInclude Include="vendor\SDL2\SDL_assert.h">
      <Filter>Vendor Files</Filter>
    </ClInclude>
    <ClInclude Include="vendor\SDL2\SDL_atomic.h">
      <Filter>Vendor Files</Filter>
    </ClInclude>
    <ClInclude Include="vendor\SDL2\SDL_audio.h">
      <Filter>Vendor Files</Filter>
    </ClInclude>
    <ClInclude Include="vendor\SDL2\SDL_bits.h">
      <Filter>Vendor Files</Filter>
    </ClInclude>
    <ClInclude Include="vendor\SDL2\SDL_blendmode.h">
      <Filter>Vendor Files</Filter>
    </ClInclude>
    <ClInclude Include="vendor\SDL2\SDL_clipboard.h">
      <Filter>Vendor Files</Filter>
    </ClInclude>
    <ClInclude Include="vendor\SDL2\SDL_config.h">
      <Filter>Vendor Files</Filter>
    </ClInclude>
    <ClInclude Include="vendor\SDL2\SDL_config_android.h">
      <Filter>Vendor Files</Filter>
    </ClInclude>
    <ClInclude Include="vendor\SDL2\SDL_config_iphoneos.h">
      <Filter>Vendor Files</Filter>
    </ClInclude>
    <ClInclude Include="vendor\SDL2\SDL_config_macosx.h">
      <Filter>Vendor Files</Filter>
    </ClInclude>
    <ClInclude Include="vendor\SDL2\SDL_config_minimal.h">
      <Filter>Vendor Files</Filter>
    </ClInclude>
    <ClInclude Include="vendor\SDL2\SDL_config_pandora.h">
      <Filter>Vendor Files</Filter>
    </ClInclude>
    <ClInclude Include="vendor\SDL2\SDL_config_psp.h">
      <Filter>Vendor Files</Filter>
    </ClInclude>
    <ClInclude Include="vendor\SDL2\SDL_config_windows.h">
      <Filter>Vendor Files</Filter>
    </ClInclude>
    <ClInclude Include="vendor\SDL2\SDL_config_winrt.h">
      <Filter>Vendor Files</Filter>
    </ClInclude>
    <ClInclude Include="vendor\SDL2\SDL_config_wiz.h">
      <Filter>Vendor Files</Filter>
    </ClInclude>
    <ClInclude Include="vendor\SDL2\SDL_copying.h">
      <Filter>Vendor Files</Filter>
    </ClInclude>
    <ClInclude Include="vendor\SDL2\SDL_cpuinfo.h">
      <Filter>Vendor Files</Filter>
    </ClInclude>
    <ClInclude Include="vendor\SDL2\SDL_egl.h">
      <Filter>Vendor Files</Filter>
    </ClInclude>
    <ClInclude Include="vendor\SDL2\SDL_endian.h">
      <Filter>Vendor Files</Filter>
    </ClInclude>
    <ClInclude Include="vendor\SDL2\SDL_error.h">
      <Filter>Vendor Files</Filter>
    </ClInclude>
    <ClInclude Include="vendor\SDL2\SDL_events.h">
      <Filter>Vendor Files</Filter>
    </ClInclude>
    <ClInclude Include="vendor\SDL2\SDL_filesystem.h">
      <Filter>Vendor Files</Filter>
    </ClInclude>
    <ClInclude Include="vendor\SDL2\SDL_gamecontroller.h">
      <Filter>Vendor Files</Filter>
    </ClInclude>
    <ClInclude Include="vendor\SDL2\SDL_gesture.h">
      <Filter>Vendor Files</Filter>
    </ClInclude>
    <ClInclude Include="vendor\SDL2\SDL_haptic.h">
      <Filter>Vendor Files</Filter>
    </ClInclude>
    <ClInclude Include="vendor\SDL2\SDL_hidapi.h">
      <Filter>Vendor Files</Filter>
    </ClInclude>
    <ClInclude Include="vendor\SDL2\SDL_hints.h">
      <Filter>Vendor Files</Filter>
    </ClInclude>
    <ClInclude Include="vendor\SDL2\SDL_joystick.h">
      <Filter>Vendor Files</Filter>
    </ClInclude>
    <ClInclude Include="vendor\SDL2\SDL_keyboard.h">
      <Filter>Vendor Files</Filter>
    </ClInclude>
    <ClInclude Include="vendor\SDL2\SDL_keycode.h">
      <Filter>Vendor Files</Filter>
    </ClInclude>
    <ClInclude Include="vendor\SDL2\SDL_loadso.h">
      <Filter>Vendor Files</Filter>
    </ClInclude>
    <ClInclude Include="vendor\SDL2\SDL_locale.h">
      <Filter>Vendor Files</Filter>
    </ClInclude>
    <ClInclude Include="vendor\SDL2\SDL_log.h">
      <Filter>Vendor Files</Filter>
    </ClInclude>
    <ClInclude Include="vendor\SDL2\SDL_main.h">
      <Filter>Vendor Files</Filter>
    </ClInclude>
    <ClInclude Include="vendor\SDL2\SDL_messagebox.h">
      <Filter>Vendor Files</Filter>
    </ClInclude>
    <ClInclude Include="vendor\SDL2\SDL_metal.h">
      <Filter>Vendor Files</Filter>
    </ClInclude>
    <ClInclude Include="vendor\SDL2\SDL_misc.h">
      <Filter>Vendor Files</Filter>
    </ClInclude>
    <ClInclude Include="vendor\SDL2\SDL_mouse.h">
      <Filter>Vendor Files</Filter>
    </ClInclude>
    <ClInclude Include="vendor\SDL2\SDL_mutex.h">
      <Filter>Vendor Files</Filter>
    </ClInclude>
    <ClInclude Include="vendor\SDL2\SDL_name.h">
      <Filter>Vendor Files</Filter>
    </ClInclude>
    <ClInclude Include="vendor\SDL2\SDL_opengl.h">
      <Filter>Vendor Files</Filter>
    </ClInclude>
    <ClInclude Include="vendor\SDL2\SDL_opengles.h">
      <Filter>Vendor Files</Filter>
    </ClInclude>
    <ClInclude Include="vendor\SDL2\SDL_opengles2.h">
      <Filter>Vendor Files</Filter>
    </ClInclude>
    <ClInclude Include="vendor\SDL2\SDL_opengles2_gl2.h">
      <Filter>Vendor Files</Filter>
    </ClInclude>
    <ClInclude Include="vendor\SDL2\SDL_opengles2_gl2ext.h">
      <Filter>Vendor Files</Filter>
    </ClInclude>
    <ClInclude Include="vendor\SDL2\SDL_opengles2_gl2platform.h">
      <Filter>Vendor Files</Filter>
    </ClInclude>
    <ClInclude Include="vendor\SDL2\SDL_opengles2_khrplatform.h">
      <Filter>Vendor Files</Filter>
    </ClInclude>
    <ClInclude Include="vendor\SDL2\SDL_opengl_glext.h">
      <Filter>Vendor Files</Filter>
    </ClInclude>
    <ClInclude Include="vendor\SDL2\SDL_pixels.h">
      <Filter>Vendor Files</Filter>
    </ClInclude>
    <ClInclude Include="vendor\SDL2\SDL_platform.h">
      <Filter>Vendor Files</Filter>
    </ClInclude>
    <ClInclude Include="vendor\SDL2\SDL_power.h">
      <Filter>Vendor Files</Filter>
    </ClInclude>
    <ClInclude Include="vendor\SDL2\SDL_quit.h">
      <Filter>Vendor Files</Filter>
    </ClInclude>
    <ClInclude Include="vendor\SDL2\SDL_rect.h">
      <Filter>Vendor Files</Filter>
    </ClInclude>
    <ClInclude Include="vendor\SDL2\SDL_render.h">
      <Filter>Vendor Files</Filter>
    </ClInclude>
    <ClInclude Include="vendor\SDL2\SDL_revision.h">
      <Filter>Vendor Files</Filter>
    </ClInclude>
    <ClInclude Include="vendor\SDL2\SDL_rwops.h">
      <Filter>Vendor Files</Filter>
    </ClInclude>
    <ClInclude Include="vendor\SDL2\SDL_scancode.h">
      <Filter>Vendor Files</Filter>
    </ClInclude>
    <ClInclude Include="vendor\SDL2\SDL_sensor.h">
      <Filter>Vendor Files</Filter>
    </ClInclude>
    <ClInclude Include="vendor\SDL2\SDL_shape.h">
      <Filter>Vendor Files</Filter>
    </ClInclude>
    <ClInclude Include="vendor\SDL2\SDL_stdinc.h">
      <Filter>Vendor Files</Filter>
    </ClInclude>
    <ClInclude Include="vendor\SDL2\SDL_surface.h">
      <Filter>Vendor Files</Filter>
    </ClInclude>
    <ClInclude Include="vendor\SDL2\SDL_system.h">
      <Filter>Vendor Files</Filter>
    </ClInclude>
    <ClInclude Include="vendor\SDL2\SDL_syswm.h">
      <Filter>Vendor Files</Filter>
    </ClInclude>
    <ClInclude Include="vendor\SDL2\SDL_test.h">
      <Filter>Vendor Files</Filter>
    </ClInclude>
    <ClInclude Include="vendor\SDL2\SDL_test_assert.h">
      <Filter>Vendor Files</Filter>
    </ClInclude>
    <ClInclude Include="vendor\SDL2\SDL_test_common.h">
      <Filter>Vendor Files</Filter>
    </ClInclude>
    <ClInclude Include="vendor\SDL2\SDL_test_compare.h">
      <Filter>Vendor Files</Filter>
    </ClInclude>
    <ClInclude Include="vendor\SDL2\SDL_test_crc32.h">
      <Filter>Vendor Files</Filter>
    </ClInclude>
    <ClInclude Include="vendor\SDL2\SDL_test_font.h">
      <Filter>Vendor Files</Filter>
    </ClInclude>
    <ClInclude Include="vendor\SDL2\SDL_test_fuzzer.h">
      <Filter>Vendor Files</Filter>
    </ClInclude>
    <ClInclude Include="vendor\SDL2\SDL_test_harness.h">
      <Filter>Vendor Files</Filter>
    </ClInclude>
    <ClInclude Include="vendor\SDL2\SDL_test_images.h">
      <Filter>Vendor Files</Filter>
    </ClInclude>
    <ClInclude Include="vendor\SDL2\SDL_test_log.h">
      <Filter>Vendor Files</Filter>
    </ClInclude>
    <ClInclude Include="vendor\SDL2\SDL_test_md5.h">
      <Filter>Vendor Files</Filter>
    </ClInclude>
    <ClInclude Include="vendor\SDL2\SDL_test_memory.h">
      <Filter>Vendor Files</Filter>
    </ClInclude>
    <ClInclude Include="vendor\SDL2\SDL_test_random.h">
      <Filter>Vendor Files</Filter>
    </ClInclude>
    <ClInclude Include="vendor\SDL2\SDL_thread.h">
      <Filter>Vendor Files</Filter>
    </ClInclude>
    <ClInclude Include="vendor\SDL2\SDL_timer.h">
      <Filter>Vendor Files</Filter>
    </ClInclude>
    <ClInclude Include="vendor\SDL2\SDL_touch.h">
      <Filter>Vendor Files</Filter>
    </ClInclude>
    <ClInclude Include="vendor\SDL2\SDL_types.h">
      <Filter>Vendor Files</Filter>
    </ClInclude>
    <ClInclude Include="vendor\SDL2\SDL_version.h">
      <Filter>Vendor Files</Filter>
    </ClInclude>
    <ClInclude Include="vendor\SDL2\SDL_video.h">
      <Filter>Vendor Files</Filter>
    </ClInclude>
    <ClInclude Include="vendor\SDL2\SDL_vulkan.h">
      <Filter>Vendor Files</Filter>
    </ClInclude>
    <ClInclude Include="include\BaseMeshes.hpp">
      <Filter>Header Files</Filter>
    </ClInclude>
    <ClInclude Include="include\Debug.hpp">
      <Filter>Header Files</Filter>
    </ClInclude>
    <ClInclude Include="include\Engine.hpp">
      <Filter>Header Files</Filter>
    </ClInclude>
    <ClInclude Include="include\FileRW.hpp">
      <Filter>Header Files</Filter>
    </ClInclude>
    <ClInclude Include="include\MapLoader.hpp">
      <Filter>Header Files</Filter>
    </ClInclude>
    <ClInclude Include="include\ModelLoader.hpp">
      <Filter>Header Files</Filter>
    </ClInclude>
    <ClInclude Include="include\PhysicsEngine.hpp">
      <Filter>Header Files</Filter>
    </ClInclude>
    <ClInclude Include="include\ThreadManager.hpp">
      <Filter>Header Files</Filter>
    </ClInclude>
    <ClInclude Include="include\UserInput.hpp">
      <Filter>Header Files</Filter>
    </ClInclude>
    <ClInclude Include="include\datatype\Buffer.hpp">
      <Filter>Header Files\datatype</Filter>
    </ClInclude>
    <ClInclude Include="include\datatype\Color.hpp">
      <Filter>Header Files\datatype</Filter>
    </ClInclude>
    <ClInclude Include="include\datatype\Event.hpp">
      <Filter>Header Files\datatype</Filter>
    </ClInclude>
    <ClInclude Include="include\datatype\GameObject.hpp">
      <Filter>Header Files\datatype</Filter>
    </ClInclude>
    <ClInclude Include="include\datatype\Mesh.hpp">
      <Filter>Header Files\datatype</Filter>
    </ClInclude>
    <ClInclude Include="include\datatype\ValueRange.hpp">
      <Filter>Header Files\datatype</Filter>
    </ClInclude>
    <ClInclude Include="include\datatype\Vector2.hpp">
      <Filter>Header Files\datatype</Filter>
    </ClInclude>
    <ClInclude Include="include\datatype\Vector3.hpp">
      <Filter>Header Files\datatype</Filter>
    </ClInclude>
    <ClInclude Include="include\render\GraphicsAbstractionLayer.hpp">
      <Filter>Header Files\render</Filter>
    </ClInclude>
    <ClInclude Include="include\render\Renderer.hpp">
      <Filter>Header Files\render</Filter>
    </ClInclude>
    <ClInclude Include="include\render\ShaderProgram.hpp">
      <Filter>Header Files\render</Filter>
    </ClInclude>
    <ClInclude Include="include\render\TextureManager.hpp">
      <Filter>Header Files\render</Filter>
    </ClInclude>
    <ClInclude Include="include\gameobject\Light.hpp">
      <Filter>Header Files\gameobject</Filter>
    </ClInclude>
    <ClInclude Include="include\GlobalJsonConfig.hpp">
      <Filter>Header Files</Filter>
    </ClInclude>
    <ClInclude Include="include\gameobject\Model.hpp">
      <Filter>Header Files\gameobject</Filter>
    </ClInclude>
    <ClInclude Include="include\gameobject\Base3D.hpp">
      <Filter>Header Files\gameobject</Filter>
    </ClInclude>
    <ClInclude Include="include\gameobject\MeshObject.hpp">
      <Filter>Header Files\gameobject</Filter>
    </ClInclude>
    <ClInclude Include="include\gameobject\ParticleEmitter.hpp">
      <Filter>Header Files\gameobject</Filter>
    </ClInclude>
    <ClInclude Include="include\gameobject\GameObjects.hpp">
      <Filter>Header Files\gameobject</Filter>
    </ClInclude>
    <ClInclude Include="include\gameobject\Primitive.hpp">
      <Filter>Header Files\gameobject</Filter>
    </ClInclude>
    <ClInclude Include="include\editor\intersectionlib.hpp">
      <Filter>Header Files\editor</Filter>
    </ClInclude>
    <ClInclude Include="include\editor\Editor.hpp">
      <Filter>Header Files\editor</Filter>
    </ClInclude>
    <ClInclude Include="include\gameobject\Camera.hpp">
      <Filter>Header Files\gameobject</Filter>
    </ClInclude>
    <ClInclude Include="include\gameobject\Workspace.hpp">
      <Filter>Header Files\gameobject</Filter>
    </ClInclude>
    <ClInclude Include="include\gameobject\Script.hpp">
      <Filter>Header Files\gameobject</Filter>
    </ClInclude>
    <ClInclude Include="..\LuauLib\Compiler\include\Luau\Compiler.h">
      <Filter>Vendor Files</Filter>
    </ClInclude>
    <ClInclude Include="..\LuauLib\Common\include\Luau\Common.h">
      <Filter>Vendor Files</Filter>
    </ClInclude>
    <ClInclude Include="..\LuauLib\Common\include\Luau\Bytecode.h">
      <Filter>Vendor Files</Filter>
    </ClInclude>
    <ClInclude Include="include\Reflection.hpp">
      <Filter>Header Files</Filter>
    </ClInclude>
    <ClInclude Include="include\gameobject\DataModel.hpp">
      <Filter>Header Files\gameobject</Filter>
    </ClInclude>
    <ClInclude Include="include\render\Material.hpp">
      <Filter>Header Files\render</Filter>
    </ClInclude>
    <ClInclude Include="include\AnimationService.hpp">
      <Filter>Header Files</Filter>
    </ClInclude>
  </ItemGroup>
  <ItemGroup>
    <ClCompile Include="vendor\gl.c">
      <Filter>Vendor Files</Filter>
    </ClCompile>
    <ClCompile Include="vendor\stb.cpp">
      <Filter>Vendor Files</Filter>
    </ClCompile>
    <ClCompile Include="vendor\glm\detail\glm.cpp">
      <Filter>Vendor Files</Filter>
    </ClCompile>
    <ClCompile Include="vendor\imgui\imgui.cpp">
      <Filter>Vendor Files</Filter>
    </ClCompile>
    <ClCompile Include="vendor\imgui\imgui_demo.cpp">
      <Filter>Vendor Files</Filter>
    </ClCompile>
    <ClCompile Include="vendor\imgui\imgui_draw.cpp">
      <Filter>Vendor Files</Filter>
    </ClCompile>
    <ClCompile Include="vendor\imgui\imgui_impl_opengl3.cpp">
      <Filter>Vendor Files</Filter>
    </ClCompile>
    <ClCompile Include="vendor\imgui\imgui_impl_sdl.cpp">
      <Filter>Vendor Files</Filter>
    </ClCompile>
    <ClCompile Include="vendor\imgui\imgui_tables.cpp">
      <Filter>Vendor Files</Filter>
    </ClCompile>
    <ClCompile Include="vendor\imgui\imgui_widgets.cpp">
      <Filter>Vendor Files</Filter>
    </ClCompile>
    <ClCompile Include="src\BaseMeshes.cpp">
      <Filter>Source Files</Filter>
    </ClCompile>
    <ClCompile Include="src\Debug.cpp">
      <Filter>Source Files</Filter>
    </ClCompile>
    <ClCompile Include="src\Engine.cpp">
      <Filter>Source Files</Filter>
    </ClCompile>
    <ClCompile Include="src\FileRW.cpp">
      <Filter>Source Files</Filter>
    </ClCompile>
    <ClCompile Include="src\MapLoader.cpp">
      <Filter>Source Files</Filter>
    </ClCompile>
    <ClCompile Include="src\ModelLoader.cpp">
      <Filter>Source Files</Filter>
    </ClCompile>
    <ClCompile Include="src\PhysicsEngine.cpp">
      <Filter>Source Files</Filter>
    </ClCompile>
    <ClCompile Include="src\ThreadManager.cpp">
      <Filter>Source Files</Filter>
    </ClCompile>
    <ClCompile Include="src\UserInput.cpp">
      <Filter>Source Files</Filter>
    </ClCompile>
    <ClCompile Include="src\datatype\Color.cpp">
      <Filter>Source Files\datatype</Filter>
    </ClCompile>
    <ClCompile Include="src\datatype\GameObject.cpp">
      <Filter>Source Files\datatype</Filter>
    </ClCompile>
    <ClCompile Include="src\datatype\Mesh.cpp">
      <Filter>Source Files\datatype</Filter>
    </ClCompile>
    <ClCompile Include="src\datatype\Vector2.cpp">
      <Filter>Source Files\datatype</Filter>
    </ClCompile>
    <ClCompile Include="src\datatype\Vector3.cpp">
      <Filter>Source Files\datatype</Filter>
    </ClCompile>
    <ClCompile Include="src\datatype\Buffer.cpp">
      <Filter>Source Files\datatype</Filter>
    </ClCompile>
    <ClCompile Include="src\render\GraphicsAbstractionLayer.cpp">
      <Filter>Source Files\render</Filter>
    </ClCompile>
    <ClCompile Include="src\render\Renderer.cpp">
      <Filter>Source Files\render</Filter>
    </ClCompile>
    <ClCompile Include="src\render\ShaderProgram.cpp">
      <Filter>Source Files\render</Filter>
    </ClCompile>
    <ClCompile Include="src\render\TextureManager.cpp">
      <Filter>Source Files\render</Filter>
    </ClCompile>
    <ClCompile Include="src\Main.cpp">
      <Filter>Source Files</Filter>
    </ClCompile>
    <ClCompile Include="src\GlobalJsonConfig.cpp">
      <Filter>Source Files</Filter>
    </ClCompile>
    <ClCompile Include="src\gameobject\Light.cpp">
      <Filter>Source Files\gameobject</Filter>
    </ClCompile>
    <ClCompile Include="src\gameobject\Model.cpp">
      <Filter>Source Files\gameobject</Filter>
    </ClCompile>
    <ClCompile Include="src\gameobject\MeshObject.cpp">
      <Filter>Source Files\gameobject</Filter>
    </ClCompile>
    <ClCompile Include="src\gameobject\ParticleEmitter.cpp">
      <Filter>Source Files\gameobject</Filter>
    </ClCompile>
    <ClCompile Include="src\gameobject\Primitive.cpp">
      <Filter>Source Files\gameobject</Filter>
    </ClCompile>
    <ClCompile Include="src\gameobject\Base3D.cpp">
      <Filter>Source Files\gameobject</Filter>
    </ClCompile>
    <ClCompile Include="src\editor\Editor.cpp">
      <Filter>Source Files\editor</Filter>
    </ClCompile>
    <ClCompile Include="src\editor\intersectionlib.cpp">
      <Filter>Source Files\editor</Filter>
    </ClCompile>
    <ClCompile Include="src\gameobject\Camera.cpp">
      <Filter>Source Files\gameobject</Filter>
    </ClCompile>
    <ClCompile Include="src\gameobject\Workspace.cpp">
      <Filter>Source Files\gameobject</Filter>
    </ClCompile>
    <ClCompile Include="src\gameobject\Script.cpp">
      <Filter>Source Files\gameobject</Filter>
    </ClCompile>
    <ClCompile Include="src\Reflection.cpp">
      <Filter>Source Files</Filter>
    </ClCompile>
    <ClCompile Include="src\gameobject\DataModel.cpp">
      <Filter>Source Files\gameobject</Filter>
    </ClCompile>
    <ClCompile Include="src\render\Material.cpp">
      <Filter>Source Files\render</Filter>
    </ClCompile>
    <ClCompile Include="src\AnimationService.cpp">
      <Filter>Source Files</Filter>
    </ClCompile>
  </ItemGroup>
  <ItemGroup>
    <None Include="vendor\glm\detail\func_common.inl">
      <Filter>Vendor Files</Filter>
    </None>
    <None Include="vendor\glm\detail\func_exponential.inl">
      <Filter>Vendor Files</Filter>
    </None>
    <None Include="vendor\glm\detail\func_geometric.inl">
      <Filter>Vendor Files</Filter>
    </None>
    <None Include="vendor\glm\detail\func_integer.inl">
      <Filter>Vendor Files</Filter>
    </None>
    <None Include="vendor\glm\detail\func_matrix.inl">
      <Filter>Vendor Files</Filter>
    </None>
    <None Include="vendor\glm\detail\func_packing.inl">
      <Filter>Vendor Files</Filter>
    </None>
    <None Include="vendor\glm\detail\func_trigonometric.inl">
      <Filter>Vendor Files</Filter>
    </None>
    <None Include="vendor\glm\detail\func_vector_relational.inl">
      <Filter>Vendor Files</Filter>
    </None>
    <None Include="vendor\glm\detail\intrinsic_common.inl">
      <Filter>Vendor Files</Filter>
    </None>
    <None Include="vendor\glm\detail\intrinsic_exponential.inl">
      <Filter>Vendor Files</Filter>
    </None>
    <None Include="vendor\glm\detail\intrinsic_geometric.inl">
      <Filter>Vendor Files</Filter>
    </None>
    <None Include="vendor\glm\detail\intrinsic_integer.inl">
      <Filter>Vendor Files</Filter>
    </None>
    <None Include="vendor\glm\detail\intrinsic_matrix.inl">
      <Filter>Vendor Files</Filter>
    </None>
    <None Include="vendor\glm\detail\intrinsic_trigonometric.inl">
      <Filter>Vendor Files</Filter>
    </None>
    <None Include="vendor\glm\detail\intrinsic_vector_relational.inl">
      <Filter>Vendor Files</Filter>
    </None>
    <None Include="vendor\glm\detail\type_gentype.inl">
      <Filter>Vendor Files</Filter>
    </None>
    <None Include="vendor\glm\detail\type_half.inl">
      <Filter>Vendor Files</Filter>
    </None>
    <None Include="vendor\glm\detail\type_mat.inl">
      <Filter>Vendor Files</Filter>
    </None>
    <None Include="vendor\glm\detail\type_mat2x2.inl">
      <Filter>Vendor Files</Filter>
    </None>
    <None Include="vendor\glm\detail\type_mat2x3.inl">
      <Filter>Vendor Files</Filter>
    </None>
    <None Include="vendor\glm\detail\type_mat2x4.inl">
      <Filter>Vendor Files</Filter>
    </None>
    <None Include="vendor\glm\detail\type_mat3x2.inl">
      <Filter>Vendor Files</Filter>
    </None>
    <None Include="vendor\glm\detail\type_mat3x3.inl">
      <Filter>Vendor Files</Filter>
    </None>
    <None Include="vendor\glm\detail\type_mat3x4.inl">
      <Filter>Vendor Files</Filter>
    </None>
    <None Include="vendor\glm\detail\type_mat4x2.inl">
      <Filter>Vendor Files</Filter>
    </None>
    <None Include="vendor\glm\detail\type_mat4x3.inl">
      <Filter>Vendor Files</Filter>
    </None>
    <None Include="vendor\glm\detail\type_mat4x4.inl">
      <Filter>Vendor Files</Filter>
    </None>
    <None Include="vendor\glm\detail\type_vec.inl">
      <Filter>Vendor Files</Filter>
    </None>
    <None Include="vendor\glm\detail\type_vec1.inl">
      <Filter>Vendor Files</Filter>
    </None>
    <None Include="vendor\glm\detail\type_vec2.inl">
      <Filter>Vendor Files</Filter>
    </None>
    <None Include="vendor\glm\detail\type_vec3.inl">
      <Filter>Vendor Files</Filter>
    </None>
    <None Include="vendor\glm\detail\type_vec4.inl">
      <Filter>Vendor Files</Filter>
    </None>
    <None Include="vendor\glm\detail\type_vec4_avx.inl">
      <Filter>Vendor Files</Filter>
    </None>
    <None Include="vendor\glm\detail\type_vec4_avx2.inl">
      <Filter>Vendor Files</Filter>
    </None>
    <None Include="vendor\glm\detail\type_vec4_sse2.inl">
      <Filter>Vendor Files</Filter>
    </None>
    <None Include="vendor\glm\gtc\bitfield.inl">
      <Filter>Vendor Files</Filter>
    </None>
    <None Include="vendor\glm\gtc\color_space.inl">
      <Filter>Vendor Files</Filter>
    </None>
    <None Include="vendor\glm\gtc\constants.inl">
      <Filter>Vendor Files</Filter>
    </None>
    <None Include="vendor\glm\gtc\epsilon.inl">
      <Filter>Vendor Files</Filter>
    </None>
    <None Include="vendor\glm\gtc\integer.inl">
      <Filter>Vendor Files</Filter>
    </None>
    <None Include="vendor\glm\gtc\matrix_access.inl">
      <Filter>Vendor Files</Filter>
    </None>
    <None Include="vendor\glm\gtc\matrix_inverse.inl">
      <Filter>Vendor Files</Filter>
    </None>
    <None Include="vendor\glm\gtc\matrix_transform.inl">
      <Filter>Vendor Files</Filter>
    </None>
    <None Include="vendor\glm\gtc\noise.inl">
      <Filter>Vendor Files</Filter>
    </None>
    <None Include="vendor\glm\gtc\packing.inl">
      <Filter>Vendor Files</Filter>
    </None>
    <None Include="vendor\glm\gtc\quaternion.inl">
      <Filter>Vendor Files</Filter>
    </None>
    <None Include="vendor\glm\gtc\random.inl">
      <Filter>Vendor Files</Filter>
    </None>
    <None Include="vendor\glm\gtc\reciprocal.inl">
      <Filter>Vendor Files</Filter>
    </None>
    <None Include="vendor\glm\gtc\round.inl">
      <Filter>Vendor Files</Filter>
    </None>
    <None Include="vendor\glm\gtc\type_precision.inl">
      <Filter>Vendor Files</Filter>
    </None>
    <None Include="vendor\glm\gtc\type_ptr.inl">
      <Filter>Vendor Files</Filter>
    </None>
    <None Include="vendor\glm\gtc\ulp.inl">
      <Filter>Vendor Files</Filter>
    </None>
    <None Include="vendor\glm\gtc\vec1.inl">
      <Filter>Vendor Files</Filter>
    </None>
    <None Include="vendor\glm\gtx\associated_min_max.inl">
      <Filter>Vendor Files</Filter>
    </None>
    <None Include="vendor\glm\gtx\bit.inl">
      <Filter>Vendor Files</Filter>
    </None>
    <None Include="vendor\glm\gtx\closest_point.inl">
      <Filter>Vendor Files</Filter>
    </None>
    <None Include="vendor\glm\gtx\color_space.inl">
      <Filter>Vendor Files</Filter>
    </None>
    <None Include="vendor\glm\gtx\color_space_YCoCg.inl">
      <Filter>Vendor Files</Filter>
    </None>
    <None Include="vendor\glm\gtx\common.inl">
      <Filter>Vendor Files</Filter>
    </None>
    <None Include="vendor\glm\gtx\compatibility.inl">
      <Filter>Vendor Files</Filter>
    </None>
    <None Include="vendor\glm\gtx\component_wise.inl">
      <Filter>Vendor Files</Filter>
    </None>
    <None Include="vendor\glm\gtx\dual_quaternion.inl">
      <Filter>Vendor Files</Filter>
    </None>
    <None Include="vendor\glm\gtx\euler_angles.inl">
      <Filter>Vendor Files</Filter>
    </None>
    <None Include="vendor\glm\gtx\extend.inl">
      <Filter>Vendor Files</Filter>
    </None>
    <None Include="vendor\glm\gtx\extented_min_max.inl">
      <Filter>Vendor Files</Filter>
    </None>
    <None Include="vendor\glm\gtx\fast_exponential.inl">
      <Filter>Vendor Files</Filter>
    </None>
    <None Include="vendor\glm\gtx\fast_square_root.inl">
      <Filter>Vendor Files</Filter>
    </None>
    <None Include="vendor\glm\gtx\fast_trigonometry.inl">
      <Filter>Vendor Files</Filter>
    </None>
    <None Include="vendor\glm\gtx\gradient_paint.inl">
      <Filter>Vendor Files</Filter>
    </None>
    <None Include="vendor\glm\gtx\handed_coordinate_space.inl">
      <Filter>Vendor Files</Filter>
    </None>
    <None Include="vendor\glm\gtx\hash.inl">
      <Filter>Vendor Files</Filter>
    </None>
    <None Include="vendor\glm\gtx\integer.inl">
      <Filter>Vendor Files</Filter>
    </None>
    <None Include="vendor\glm\gtx\intersect.inl">
      <Filter>Vendor Files</Filter>
    </None>
    <None Include="vendor\glm\gtx\io.inl">
      <Filter>Vendor Files</Filter>
    </None>
    <None Include="vendor\glm\gtx\log_base.inl">
      <Filter>Vendor Files</Filter>
    </None>
    <None Include="vendor\glm\gtx\matrix_cross_product.inl">
      <Filter>Vendor Files</Filter>
    </None>
    <None Include="vendor\glm\gtx\matrix_decompose.inl">
      <Filter>Vendor Files</Filter>
    </None>
    <None Include="vendor\glm\gtx\matrix_interpolation.inl">
      <Filter>Vendor Files</Filter>
    </None>
    <None Include="vendor\glm\gtx\matrix_major_storage.inl">
      <Filter>Vendor Files</Filter>
    </None>
    <None Include="vendor\glm\gtx\matrix_operation.inl">
      <Filter>Vendor Files</Filter>
    </None>
    <None Include="vendor\glm\gtx\matrix_query.inl">
      <Filter>Vendor Files</Filter>
    </None>
    <None Include="vendor\glm\gtx\matrix_transform_2d.inl">
      <Filter>Vendor Files</Filter>
    </None>
    <None Include="vendor\glm\gtx\mixed_product.inl">
      <Filter>Vendor Files</Filter>
    </None>
    <None Include="vendor\glm\gtx\norm.inl">
      <Filter>Vendor Files</Filter>
    </None>
    <None Include="vendor\glm\gtx\normal.inl">
      <Filter>Vendor Files</Filter>
    </None>
    <None Include="vendor\glm\gtx\normalize_dot.inl">
      <Filter>Vendor Files</Filter>
    </None>
    <None Include="vendor\glm\gtx\number_precision.inl">
      <Filter>Vendor Files</Filter>
    </None>
    <None Include="vendor\glm\gtx\optimum_pow.inl">
      <Filter>Vendor Files</Filter>
    </None>
    <None Include="vendor\glm\gtx\orthonormalize.inl">
      <Filter>Vendor Files</Filter>
    </None>
    <None Include="vendor\glm\gtx\perpendicular.inl">
      <Filter>Vendor Files</Filter>
    </None>
    <None Include="vendor\glm\gtx\polar_coordinates.inl">
      <Filter>Vendor Files</Filter>
    </None>
    <None Include="vendor\glm\gtx\projection.inl">
      <Filter>Vendor Files</Filter>
    </None>
    <None Include="vendor\glm\gtx\quaternion.inl">
      <Filter>Vendor Files</Filter>
    </None>
    <None Include="vendor\glm\gtx\raw_data.inl">
      <Filter>Vendor Files</Filter>
    </None>
    <None Include="vendor\glm\gtx\rotate_normalized_axis.inl">
      <Filter>Vendor Files</Filter>
    </None>
    <None Include="vendor\glm\gtx\rotate_vector.inl">
      <Filter>Vendor Files</Filter>
    </None>
    <None Include="vendor\glm\gtx\scalar_relational.inl">
      <Filter>Vendor Files</Filter>
    </None>
    <None Include="vendor\glm\gtx\simd_mat4.inl">
      <Filter>Vendor Files</Filter>
    </None>
    <None Include="vendor\glm\gtx\simd_quat.inl">
      <Filter>Vendor Files</Filter>
    </None>
    <None Include="vendor\glm\gtx\simd_vec4.inl">
      <Filter>Vendor Files</Filter>
    </None>
    <None Include="vendor\glm\gtx\spline.inl">
      <Filter>Vendor Files</Filter>
    </None>
    <None Include="vendor\glm\gtx\std_based_type.inl">
      <Filter>Vendor Files</Filter>
    </None>
    <None Include="vendor\glm\gtx\string_cast.inl">
      <Filter>Vendor Files</Filter>
    </None>
    <None Include="vendor\glm\gtx\transform.inl">
      <Filter>Vendor Files</Filter>
    </None>
    <None Include="vendor\glm\gtx\transform2.inl">
      <Filter>Vendor Files</Filter>
    </None>
    <None Include="vendor\glm\gtx\type_aligned.inl">
      <Filter>Vendor Files</Filter>
    </None>
    <None Include="vendor\glm\gtx\vector_angle.inl">
      <Filter>Vendor Files</Filter>
    </None>
    <None Include="vendor\glm\gtx\vector_query.inl">
      <Filter>Vendor Files</Filter>
    </None>
    <None Include="vendor\glm\gtx\wrap.inl">
      <Filter>Vendor Files</Filter>
    </None>
    <None Include="resources\shaders\base2d.frag">
      <Filter>Resource Files\shaders</Filter>
    </None>
    <None Include="resources\shaders\base2d.vert">
      <Filter>Resource Files\shaders</Filter>
    </None>
    <None Include="resources\shaders\worldUber.frag">
      <Filter>Resource Files\shaders</Filter>
    </None>
    <None Include="resources\shaders\worldUber.vert">
      <Filter>Resource Files\shaders</Filter>
    </None>
    <None Include="resources\shaders\dlshadowmap.frag">
      <Filter>Resource Files\shaders</Filter>
    </None>
    <None Include="resources\shaders\dlshadowmap.vert">
      <Filter>Resource Files\shaders</Filter>
    </None>
    <None Include="resources\shaders\particle.frag">
      <Filter>Resource Files\shaders</Filter>
    </None>
    <None Include="resources\shaders\particle.vert">
      <Filter>Resource Files\shaders</Filter>
    </None>
    <None Include="resources\shaders\pointlightshadow.frag">
      <Filter>Resource Files\shaders</Filter>
    </None>
    <None Include="resources\shaders\pointlightshadow.geom">
      <Filter>Resource Files\shaders</Filter>
    </None>
    <None Include="resources\shaders\pointlightshadow.vert">
      <Filter>Resource Files\shaders</Filter>
    </None>
    <None Include="resources\shaders\postprocessing.frag">
      <Filter>Resource Files\shaders</Filter>
    </None>
    <None Include="resources\shaders\postprocessing.vert">
      <Filter>Resource Files\shaders</Filter>
    </None>
    <None Include="resources\shaders\skybox.frag">
      <Filter>Resource Files\shaders</Filter>
    </None>
    <None Include="resources\shaders\skybox.vert">
      <Filter>Resource Files\shaders</Filter>
    </None>
    <None Include="resources\shaders\watertest.vert">
      <Filter>Resource Files\shaders</Filter>
    </None>
    <None Include="resources\shaders\watertest.geom">
      <Filter>Resource Files\shaders</Filter>
    </None>
    <None Include="resources\shaders\watertest.frag">
      <Filter>Resource Files\shaders</Filter>
    </None>
  </ItemGroup>
</Project>